# This file is automatically @generated by Cargo.
# It is not intended for manual editing.
version = 4

[[package]]
name = "abyss-consensus"
version = "0.1.0"
dependencies = [
 "abyss-core",
]

[[package]]
name = "abyss-core"
version = "0.1.0"

[[package]]
name = "abyss-crypto"
version = "0.1.0"
dependencies = [
 "abyss-core",
]

[[package]]
name = "abyss-node"
version = "0.1.0"
dependencies = [
 "abyss-core",
 "abyss-tokenomics",
 "abyss-wallet",
]

[[package]]
name = "abyss-social"
version = "0.1.0"

[[package]]
name = "abyss-tokenomics"
version = "0.1.0"
dependencies = [
 "abyss-core",
]

[[package]]
name = "abyss-wallet"
version = "0.1.0"
dependencies = [
 "abyss-core",
 "abyss-crypto",
]
